
Microsoft Visual Studio Solution File, Format Version 12.00
# Visual Studio Version 17
VisualStudioVersion = 17.0.31903.59
MinimumVisualStudioVersion = 10.0.40219.1
Project("{9A19103F-16F7-4668-BE54-9A1E7A4F7556}") = "RabbitSender", "RabbitSender\RabbitSender.csproj", "{FD9C25DD-E01B-48E1-8BE0-7A16EFF30FD8}"
EndProject
Project("{9A19103F-16F7-4668-BE54-9A1E7A4F7556}") = "RabbitReceiver1", "RabbitReceiver1\RabbitReceiver1.csproj", "{D7D11080-EA6E-4A32-AD34-14A3A2789E6E}"
EndProject
Project("{9A19103F-16F7-4668-BE54-9A1E7A4F7556}") = "RabbitReceiver2", "RabbitReceiver2\RabbitReceiver2.csproj", "{69E539DA-C965-4B87-B9E4-6B9ABC40D15A}"
EndProject
Project("{2150E333-8FDC-42A3-9474-1A3956D46DE8}") = "Solution Items", "Solution Items", "{C0100C6D-2E9E-49E2-BE2D-D6565AFF3BD6}"
	ProjectSection(SolutionItems) = preProject
		README.txt = README.txt
	EndProjectSection
EndProject
Global
	GlobalSection(SolutionConfigurationPlatforms) = preSolution
		Debug|Any CPU = Debug|Any CPU
		Release|Any CPU = Release|Any CPU
	EndGlobalSection
	GlobalSection(ProjectConfigurationPlatforms) = postSolution
		{FD9C25DD-E01B-48E1-8BE0-7A16EFF30FD8}.Debug|Any CPU.ActiveCfg = Debug|Any CPU
		{FD9C25DD-E01B-48E1-8BE0-7A16EFF30FD8}.Debug|Any CPU.Build.0 = Debug|Any CPU
		{FD9C25DD-E01B-48E1-8BE0-7A16EFF30FD8}.Release|Any CPU.ActiveCfg = Release|Any CPU
		{FD9C25DD-E01B-48E1-8BE0-7A16EFF30FD8}.Release|Any CPU.Build.0 = Release|Any CPU
		{D7D11080-EA6E-4A32-AD34-14A3A2789E6E}.Debug|Any CPU.ActiveCfg = Debug|Any CPU
		{D7D11080-EA6E-4A32-AD34-14A3A2789E6E}.Debug|Any CPU.Build.0 = Debug|Any CPU
		{D7D11080-EA6E-4A32-AD34-14A3A2789E6E}.Release|Any CPU.ActiveCfg = Release|Any CPU
		{D7D11080-EA6E-4A32-AD34-14A3A2789E6E}.Release|Any CPU.Build.0 = Release|Any CPU
		{69E539DA-C965-4B87-B9E4-6B9ABC40D15A}.Debug|Any CPU.ActiveCfg = Debug|Any CPU
		{69E539DA-C965-4B87-B9E4-6B9ABC40D15A}.Debug|Any CPU.Build.0 = Debug|Any CPU
		{69E539DA-C965-4B87-B9E4-6B9ABC40D15A}.Release|Any CPU.ActiveCfg = Release|Any CPU
		{69E539DA-C965-4B87-B9E4-6B9ABC40D15A}.Release|Any CPU.Build.0 = Release|Any CPU
	EndGlobalSection
	GlobalSection(SolutionProperties) = preSolution
		HideSolutionNode = FALSE
	EndGlobalSection
EndGlobal
